// !$*UTF8*$!
{
	archiveVersion = 1;
	classes = {
	};
	objectVersion = 50;
	objects = {

/* Begin PBXBuildFile section */
		AF54E6942508A48400FA30FB /* Player.swift in Sources */ = {isa = PBXBuildFile; fileRef = AF54E6932508A48400FA30FB /* Player.swift */; };
		AF5F02C72503007000099874 /* AppDelegate.swift in Sources */ = {isa = PBXBuildFile; fileRef = AF5F02C62503007000099874 /* AppDelegate.swift */; };
		AF5F02C92503007000099874 /* SceneDelegate.swift in Sources */ = {isa = PBXBuildFile; fileRef = AF5F02C82503007000099874 /* SceneDelegate.swift */; };
		AF5F02CB2503007000099874 /* WelcomeVC.swift in Sources */ = {isa = PBXBuildFile; fileRef = AF5F02CA2503007000099874 /* WelcomeVC.swift */; };
		AF5F02CE2503007000099874 /* Main.storyboard in Resources */ = {isa = PBXBuildFile; fileRef = AF5F02CC2503007000099874 /* Main.storyboard */; };
		AF5F02D02503007400099874 /* Assets.xcassets in Resources */ = {isa = PBXBuildFile; fileRef = AF5F02CF2503007400099874 /* Assets.xcassets */; };
		AF5F02D32503007400099874 /* LaunchScreen.storyboard in Resources */ = {isa = PBXBuildFile; fileRef = AF5F02D12503007400099874 /* LaunchScreen.storyboard */; };
		AF5F02DB250304A800099874 /* PokiVC.swift in Sources */ = {isa = PBXBuildFile; fileRef = AF5F02DA250304A800099874 /* PokiVC.swift */; };
/* End PBXBuildFile section */

/* Begin PBXFileReference section */
		AF54E6932508A48400FA30FB /* Player.swift */ = {isa = PBXFileReference; lastKnownFileType = sourcecode.swift; path = Player.swift; sourceTree = "<group>"; };
		AF5F02C32503007000099874 /* CatchThePoki.app */ = {isa = PBXFileReference; explicitFileType = wrapper.application; includeInIndex = 0; path = CatchThePoki.app; sourceTree = BUILT_PRODUCTS_DIR; };
		AF5F02C62503007000099874 /* AppDelegate.swift */ = {isa = PBXFileReference; lastKnownFileType = sourcecode.swift; path = AppDelegate.swift; sourceTree = "<group>"; };
		AF5F02C82503007000099874 /* SceneDelegate.swift */ = {isa = PBXFileReference; lastKnownFileType = sourcecode.swift; path = SceneDelegate.swift; sourceTree = "<group>"; };
		AF5F02CA2503007000099874 /* WelcomeVC.swift */ = {isa = PBXFileReference; lastKnownFileType = sourcecode.swift; path = WelcomeVC.swift; sourceTree = "<group>"; };
		AF5F02CD2503007000099874 /* Base */ = {isa = PBXFileReference; lastKnownFileType = file.storyboard; name = Base; path = Base.lproj/Main.storyboard; sourceTree = "<group>"; };
		AF5F02CF2503007400099874 /* Assets.xcassets */ = {isa = PBXFileReference; lastKnownFileType = folder.assetcatalog; path = Assets.xcassets; sourceTree = "<group>"; };
		AF5F02D22503007400099874 /* Base */ = {isa = PBXFileReference; lastKnownFileType = file.storyboard; name = Base; path = Base.lproj/LaunchScreen.storyboard; sourceTree = "<group>"; };
		AF5F02D42503007400099874 /* Info.plist */ = {isa = PBXFileReference; lastKnownFileType = text.plist.xml; path = Info.plist; sourceTree = "<group>"; };
		AF5F02DA250304A800099874 /* PokiVC.swift */ = {isa = PBXFileReference; lastKnownFileType = sourcecode.swift; path = PokiVC.swift; sourceTree = "<group>"; };
/* End PBXFileReference section */

/* Begin PBXFrameworksBuildPhase section */
		AF5F02C02503007000099874 /* Frameworks */ = {
			isa = PBXFrameworksBuildPhase;
			buildActionMask = 2147483647;
			files = (
			);
			runOnlyForDeploymentPostprocessing = 0;
		};
/* End PBXFrameworksBuildPhase section */

/* Begin PBXGroup section */
		AF27A1322508431F002CC379 /* Model */ = {
			isa = PBXGroup;
			children = (
				AF54E6932508A48400FA30FB /* Player.swift */,
			);
			path = Model;
			sourceTree = "<group>";
		};
		AF27A1332508432C002CC379 /* View */ = {
			isa = PBXGroup;
			children = (
				AF5F02CC2503007000099874 /* Main.storyboard */,
			);
			path = View;
			sourceTree = "<group>";
		};
		AF27A1342508435B002CC379 /* Controller */ = {
			isa = PBXGroup;
			children = (
				AF5F02CA2503007000099874 /* WelcomeVC.swift */,
				AF5F02DA250304A800099874 /* PokiVC.swift */,
			);
			path = Controller;
			sourceTree = "<group>";
		};
		AF5F02BA2503006F00099874 = {
			isa = PBXGroup;
			children = (
				AF5F02C52503007000099874 /* CatchThePoki */,
				AF5F02C42503007000099874 /* Products */,
			);
			sourceTree = "<group>";
		};
		AF5F02C42503007000099874 /* Products */ = {
			isa = PBXGroup;
			children = (
				AF5F02C32503007000099874 /* CatchThePoki.app */,
			);
			name = Products;
			sourceTree = "<group>";
		};
		AF5F02C52503007000099874 /* CatchThePoki */ = {
			isa = PBXGroup;
			children = (
				AF27A1342508435B002CC379 /* Controller */,
				AF27A1332508432C002CC379 /* View */,
				AF27A1322508431F002CC379 /* Model */,
				AF5F02C62503007000099874 /* AppDelegate.swift */,
				AF5F02C82503007000099874 /* SceneDelegate.swift */,
				AF5F02CF2503007400099874 /* Assets.xcassets */,
				AF5F02D12503007400099874 /* LaunchScreen.storyboard */,
				AF5F02D42503007400099874 /* Info.plist */,
			);
			path = CatchThePoki;
			sourceTree = "<group>";
		};
/* End PBXGroup section */

/* Begin PBXNativeTarget section */
		AF5F02C22503007000099874 /* CatchThePoki */ = {
			isa = PBXNativeTarget;
			buildConfigurationList = AF5F02D72503007400099874 /* Build configuration list for PBXNativeTarget "CatchThePoki" */;
			buildPhases = (
				AF5F02BF2503007000099874 /* Sources */,
				AF5F02C02503007000099874 /* Frameworks */,
				AF5F02C12503007000099874 /* Resources */,
			);
			buildRules = (
			);
			dependencies = (
			);
			name = CatchThePoki;
			productName = CatchThePoki;
			productReference = AF5F02C32503007000099874 /* CatchThePoki.app */;
			productType = "com.apple.product-type.application";
		};
/* End PBXNativeTarget section */

/* Begin PBXProject section */
		AF5F02BB2503006F00099874 /* Project object */ = {
			isa = PBXProject;
			attributes = {
				LastSwiftUpdateCheck = 1200;
				LastUpgradeCheck = 1200;
				TargetAttributes = {
					AF5F02C22503007000099874 = {
						CreatedOnToolsVersion = 12.0;
					};
				};
			};
			buildConfigurationList = AF5F02BE2503006F00099874 /* Build configuration list for PBXProject "CatchThePoki" */;
			compatibilityVersion = "Xcode 9.3";
			developmentRegion = en;
			hasScannedForEncodings = 0;
			knownRegions = (
				en,
				Base,
			);
			mainGroup = AF5F02BA2503006F00099874;
			productRefGroup = AF5F02C42503007000099874 /* Products */;
			projectDirPath = "";
			projectRoot = "";
			targets = (
				AF5F02C22503007000099874 /* CatchThePoki */,
			);
		};
/* End PBXProject section */

/* Begin PBXResourcesBuildPhase section */
		AF5F02C12503007000099874 /* Resources */ = {
			isa = PBXResourcesBuildPhase;
			buildActionMask = 2147483647;
			files = (
				AF5F02D32503007400099874 /* LaunchScreen.storyboard in Resources */,
				AF5F02D02503007400099874 /* Assets.xcassets in Resources */,
				AF5F02CE2503007000099874 /* Main.storyboard in Resources */,
			);
			runOnlyForDeploymentPostprocessing = 0;
		};
/* End PBXResourcesBuildPhase section */

/* Begin PBXSourcesBuildPhase section */
		AF5F02BF2503007000099874 /* Sources */ = {
			isa = PBXSourcesBuildPhase;
			buildActionMask = 2147483647;
			files = (
				AF5F02CB2503007000099874 /* WelcomeVC.swift in Sources */,
				AF5F02C72503007000099874 /* AppDelegate.swift in Sources */,
				AF5F02C92503007000099874 /* SceneDelegate.swift in Sources */,
				AF54E6942508A48400FA30FB /* Player.swift in Sources */,
				AF5F02DB250304A800099874 /* PokiVC.swift in Sources */,
			);
			runOnlyForDeploymentPostprocessing = 0;
		};
/* End PBXSourcesBuildPhase section */

/* Begin PBXVariantGroup section */
		AF5F02CC2503007000099874 /* Main.storyboard */ = {
			isa = PBXVariantGroup;
			children = (
				AF5F02CD2503007000099874 /* Base */,
			);
			name = Main.storyboard;
			sourceTree = "<group>";
		};
		AF5F02D12503007400099874 /* LaunchScreen.storyboard */ = {
			isa = PBXVariantGroup;
			children = (
				AF5F02D22503007400099874 /* Base */,
			);
			name = LaunchScreen.storyboard;
			sourceTree = "<group>";
		};
/* End PBXVariantGroup section */

/* Begin XCBuildConfiguration section */
		AF5F02D52503007400099874 /* Debug */ = {
			isa = XCBuildConfiguration;
			buildSettings = {
				ALWAYS_SEARCH_USER_PATHS = NO;
				CLANG_ANALYZER_NONNULL = YES;
				CLANG_ANALYZER_NUMBER_OBJECT_CONVERSION = YES_AGGRESSIVE;
				CLANG_CXX_LANGUAGE_STANDARD = "gnu++14";
				CLANG_CXX_LIBRARY = "libc++";
				CLANG_ENABLE_MODULES = YES;
				CLANG_ENABLE_OBJC_ARC = YES;
				CLANG_ENABLE_OBJC_WEAK = YES;
				CLANG_WARN_BLOCK_CAPTURE_AUTORELEASING = YES;
				CLANG_WARN_BOOL_CONVERSION = YES;
				CLANG_WARN_COMMA = YES;
				CLANG_WARN_CONSTANT_CONVERSION = YES;
				CLANG_WARN_DEPRECATED_OBJC_IMPLEMENTATIONS = YES;
				CLANG_WARN_DIRECT_OBJC_ISA_USAGE = YES_ERROR;
				CLANG_WARN_DOCUMENTATION_COMMENTS = YES;
				CLANG_WARN_EMPTY_BODY = YES;
				CLANG_WARN_ENUM_CONVERSION = YES;
				CLANG_WARN_INFINITE_RECURSION = YES;
				CLANG_WARN_INT_CONVERSION = YES;
				CLANG_WARN_NON_LITERAL_NULL_CONVERSION = YES;
				CLANG_WARN_OBJC_IMPLICIT_RETAIN_SELF = YES;
				CLANG_WARN_OBJC_LITERAL_CONVERSION = YES;
				CLANG_WARN_OBJC_ROOT_CLASS = YES_ERROR;
				CLANG_WARN_QUOTED_INCLUDE_IN_FRAMEWORK_HEADER = YES;
				CLANG_WARN_RANGE_LOOP_ANALYSIS = YES;
				CLANG_WARN_STRICT_PROTOTYPES = YES;
				CLANG_WARN_SUSPICIOUS_MOVE = YES;
				CLANG_WARN_UNGUARDED_AVAILABILITY = YES_AGGRESSIVE;
				CLANG_WARN_UNREACHABLE_CODE = YES;
				CLANG_WARN__DUPLICATE_METHOD_MATCH = YES;
				COPY_PHASE_STRIP = NO;
				DEBUG_INFORMATION_FORMAT = dwarf;
				ENABLE_STRICT_OBJC_MSGSEND = YES;
				ENABLE_TESTABILITY = YES;
				GCC_C_LANGUAGE_STANDARD = gnu11;
				GCC_DYNAMIC_NO_PIC = NO;
				GCC_NO_COMMON_BLOCKS = YES;
				GCC_OPTIMIZATION_LEVEL = 0;
				GCC_PREPROCESSOR_DEFINITIONS = (
					"DEBUG=1",
					"$(inherited)",
				);
				GCC_WARN_64_TO_32_BIT_CONVERSION = YES;
				GCC_WARN_ABOUT_RETURN_TYPE = YES_ERROR;
				GCC_WARN_UNDECLARED_SELECTOR = YES;
				GCC_WARN_UNINITIALIZED_AUTOS = YES_AGGRESSIVE;
				GCC_WARN_UNUSED_FUNCTION = YES;
				GCC_WARN_UNUSED_VARIABLE = YES;
				IPHONEOS_DEPLOYMENT_TARGET = 14.0;
				MTL_ENABLE_DEBUG_INFO = INCLUDE_SOURCE;
				MTL_FAST_MATH = YES;
				ONLY_ACTIVE_ARCH = YES;
				SDKROOT = iphoneos;
				SWIFT_ACTIVE_COMPILATION_CONDITIONS = DEBUG;
				SWIFT_OPTIMIZATION_LEVEL = "-Onone";
			};
			name = Debug;
		};
		AF5F02D62503007400099874 /* Release */ = {
			isa = XCBuildConfiguration;
			buildSettings = {
				ALWAYS_SEARCH_USER_PATHS = NO;
				CLANG_ANALYZER_NONNULL = YES;
				CLANG_ANALYZER_NUMBER_OBJECT_CONVERSION = YES_AGGRESSIVE;
				CLANG_CXX_LANGUAGE_STANDARD = "gnu++14";
				CLANG_CXX_LIBRARY = "libc++";
				CLANG_ENABLE_MODULES = YES;
				CLANG_ENABLE_OBJC_ARC = YES;
				CLANG_ENABLE_OBJC_WEAK = YES;
				CLANG_WARN_BLOCK_CAPTURE_AUTORELEASING = YES;
				CLANG_WARN_BOOL_CONVERSION = YES;
				CLANG_WARN_COMMA = YES;
				CLANG_WARN_CONSTANT_CONVERSION = YES;
				CLANG_WARN_DEPRECATED_OBJC_IMPLEMENTATIONS = YES;
				CLANG_WARN_DIRECT_OBJC_ISA_USAGE = YES_ERROR;
				CLANG_WARN_DOCUMENTATION_COMMENTS = YES;
				CLANG_WARN_EMPTY_BODY = YES;
				CLANG_WARN_ENUM_CONVERSION = YES;
				CLANG_WARN_INFINITE_RECURSION = YES;
				CLANG_WARN_INT_CONVERSION = YES;
				CLANG_WARN_NON_LITERAL_NULL_CONVERSION = YES;
				CLANG_WARN_OBJC_IMPLICIT_RETAIN_SELF = YES;
				CLANG_WARN_OBJC_LITERAL_CONVERSION = YES;
				CLANG_WARN_OBJC_ROOT_CLASS = YES_ERROR;
				CLANG_WARN_QUOTED_INCLUDE_IN_FRAMEWORK_HEADER = YES;
				CLANG_WARN_RANGE_LOOP_ANALYSIS = YES;
				CLANG_WARN_STRICT_PROTOTYPES = YES;
				CLANG_WARN_SUSPICIOUS_MOVE = YES;
				CLANG_WARN_UNGUARDED_AVAILABILITY = YES_AGGRESSIVE;
				CLANG_WARN_UNREACHABLE_CODE = YES;
				CLANG_WARN__DUPLICATE_METHOD_MATCH = YES;
				COPY_PHASE_STRIP = NO;
				DEBUG_INFORMATION_FORMAT = "dwarf-with-dsym";
				ENABLE_NS_ASSERTIONS = NO;
				ENABLE_STRICT_OBJC_MSGSEND = YES;
				GCC_C_LANGUAGE_STANDARD = gnu11;
				GCC_NO_COMMON_BLOCKS = YES;
				GCC_WARN_64_TO_32_BIT_CONVERSION = YES;
				GCC_WARN_ABOUT_RETURN_TYPE = YES_ERROR;
				GCC_WARN_UNDECLARED_SELECTOR = YES;
				GCC_WARN_UNINITIALIZED_AUTOS = YES_AGGRESSIVE;
				GCC_WARN_UNUSED_FUNCTION = YES;
				GCC_WARN_UNUSED_VARIABLE = YES;
				IPHONEOS_DEPLOYMENT_TARGET = 14.0;
				MTL_ENABLE_DEBUG_INFO = NO;
				MTL_FAST_MATH = YES;
				SDKROOT = iphoneos;
				SWIFT_COMPILATION_MODE = wholemodule;
				SWIFT_OPTIMIZATION_LEVEL = "-O";
				VALIDATE_PRODUCT = YES;
			};
			name = Release;
		};
		AF5F02D82503007400099874 /* Debug */ = {
			isa = XCBuildConfiguration;
			buildSettings = {
				ASSETCATALOG_COMPILER_APPICON_NAME = AppIcon;
				ASSETCATALOG_COMPILER_GLOBAL_ACCENT_COLOR_NAME = AccentColor;
				CODE_SIGN_STYLE = Automatic;
				DEVELOPMENT_TEAM = QWGDN8UC2B;
				INFOPLIST_FILE = CatchThePoki/Info.plist;
				LD_RUNPATH_SEARCH_PATHS = (
					"$(inherited)",
					"@executable_path/Frameworks",
				);
				PRODUCT_BUNDLE_IDENTIFIER = com.kasrus.CatchThePoki;
				PRODUCT_NAME = "$(TARGET_NAME)";
				SWIFT_VERSION = 5.0;
				TARGETED_DEVICE_FAMILY = "1,2";
			};
			name = Debug;
		};
		AF5F02D92503007400099874 /* Release */ = {
			isa = XCBuildConfiguration;
			buildSettings = {
				ASSETCATALOG_COMPILER_APPICON_NAME = AppIcon;
				ASSETCATALOG_COMPILER_GLOBAL_ACCENT_COLOR_NAME = AccentColor;
				CODE_SIGN_STYLE = Automatic;
				DEVELOPMENT_TEAM = QWGDN8UC2B;
				INFOPLIST_FILE = CatchThePoki/Info.plist;
				LD_RUNPATH_SEARCH_PATHS = (
					"$(inherited)",
					"@executable_path/Frameworks",
				);
				PRODUCT_BUNDLE_IDENTIFIER = com.kasrus.CatchThePoki;
				PRODUCT_NAME = "$(TARGET_NAME)";
				SWIFT_VERSION = 5.0;
				TARGETED_DEVICE_FAMILY = "1,2";
			};
			name = Release;
		};
/* End XCBuildConfiguration section */

/* Begin XCConfigurationList section */
		AF5F02BE2503006F00099874 /* Build configuration list for PBXProject "CatchThePoki" */ = {
			isa = XCConfigurationList;
			buildConfigurations = (
				AF5F02D52503007400099874 /* Debug */,
				AF5F02D62503007400099874 /* Release */,
			);
			defaultConfigurationIsVisible = 0;
			defaultConfigurationName = Release;
		};
		AF5F02D72503007400099874 /* Build configuration list for PBXNativeTarget "CatchThePoki" */ = {
			isa = XCConfigurationList;
			buildConfigurations = (
				AF5F02D82503007400099874 /* Debug */,
				AF5F02D92503007400099874 /* Release */,
			);
			defaultConfigurationIsVisible = 0;
			defaultConfigurationName = Release;
		};
/* End XCConfigurationList section */
	};
	rootObject = AF5F02BB2503006F00099874 /* Project object */;
}
